
Microsoft Visual Studio Solution File, Format Version 12.00
# Visual Studio Version 17
VisualStudioVersion = 17.0.31919.166
MinimumVisualStudioVersion = 10.0.40219.1
Project("{FAE04EC0-301F-11D3-BF4B-00C04F79EFBC}") = "MoteurRechercheDeezer_V5", "MoteurRechercheDeezer_V5\MoteurRechercheDeezer_V5.csproj", "{9DFD20D4-B2BD-4A94-A1F2-F2E7BE67830F}"
EndProject
Global
	GlobalSection(SolutionConfigurationPlatforms) = preSolution
		Debug|Any CPU = Debug|Any CPU
		Release|Any CPU = Release|Any CPU
	EndGlobalSection
	GlobalSection(ProjectConfigurationPlatforms) = postSolution
		{9DFD20D4-B2BD-4A94-A1F2-F2E7BE67830F}.Debug|Any CPU.ActiveCfg = Debug|Any CPU
		{9DFD20D4-B2BD-4A94-A1F2-F2E7BE67830F}.Debug|Any CPU.Build.0 = Debug|Any CPU
		{9DFD20D4-B2BD-4A94-A1F2-F2E7BE67830F}.Release|Any CPU.ActiveCfg = Release|Any CPU
		{9DFD20D4-B2BD-4A94-A1F2-F2E7BE67830F}.Release|Any CPU.Build.0 = Release|Any CPU
	EndGlobalSection
	GlobalSection(SolutionProperties) = preSolution
		HideSolutionNode = FALSE
	EndGlobalSection
	GlobalSection(ExtensibilityGlobals) = postSolution
		SolutionGuid = {CDE60C05-F4A9-4F52-8500-5453F4066BD1}
	EndGlobalSection
EndGlobal
